
Microsoft Visual Studio Solution File, Format Version 12.00
# Visual Studio 15
VisualStudioVersion = 15.0.28010.2046
MinimumVisualStudioVersion = 10.0.40219.1
Project("{FAE04EC0-301F-11D3-BF4B-00C04F79EFBC}") = "DependencyInjection", "DependencyInjection\DependencyInjection.csproj", "{7062AA5F-8199-420D-83BA-91704C476560}"
EndProject
Global
	GlobalSection(SolutionConfigurationPlatforms) = preSolution
		Debug|Any CPU = Debug|Any CPU
		Release|Any CPU = Release|Any CPU
	EndGlobalSection
	GlobalSection(ProjectConfigurationPlatforms) = postSolution
		{7062AA5F-8199-420D-83BA-91704C476560}.Debug|Any CPU.ActiveCfg = Debug|Any CPU
		{7062AA5F-8199-420D-83BA-91704C476560}.Debug|Any CPU.Build.0 = Debug|Any CPU
		{7062AA5F-8199-420D-83BA-91704C476560}.Release|Any CPU.ActiveCfg = Release|Any CPU
		{7062AA5F-8199-420D-83BA-91704C476560}.Release|Any CPU.Build.0 = Release|Any CPU
	EndGlobalSection
	GlobalSection(SolutionProperties) = preSolution
		HideSolutionNode = FALSE
	EndGlobalSection
	GlobalSection(ExtensibilityGlobals) = postSolution
		SolutionGuid = {2E07C417-AB80-4698-B4D5-ADAEEB31F6F0}
	EndGlobalSection
EndGlobal
